
Microsoft Visual Studio Solution File, Format Version 12.00
# Visual Studio Version 16
VisualStudioVersion = 16.0.30804.86
MinimumVisualStudioVersion = 10.0.40219.1
Project("{FAE04EC0-301F-11D3-BF4B-00C04F79EFBC}") = "PloymorphismDemo", "PloymorphismDemo\PloymorphismDemo.csproj", "{4CA2EF91-96CA-4F93-A351-57600F386776}"
EndProject
Global
	GlobalSection(SolutionConfigurationPlatforms) = preSolution
		Debug|Any CPU = Debug|Any CPU
		Release|Any CPU = Release|Any CPU
	EndGlobalSection
	GlobalSection(ProjectConfigurationPlatforms) = postSolution
		{4CA2EF91-96CA-4F93-A351-57600F386776}.Debug|Any CPU.ActiveCfg = Debug|Any CPU
		{4CA2EF91-96CA-4F93-A351-57600F386776}.Debug|Any CPU.Build.0 = Debug|Any CPU
		{4CA2EF91-96CA-4F93-A351-57600F386776}.Release|Any CPU.ActiveCfg = Release|Any CPU
		{4CA2EF91-96CA-4F93-A351-57600F386776}.Release|Any CPU.Build.0 = Release|Any CPU
	EndGlobalSection
	GlobalSection(SolutionProperties) = preSolution
		HideSolutionNode = FALSE
	EndGlobalSection
	GlobalSection(ExtensibilityGlobals) = postSolution
		SolutionGuid = {282F0B3F-D874-4DC4-8475-797C0B4BCA38}
	EndGlobalSection
EndGlobal
